
Microsoft Visual Studio Solution File, Format Version 12.00
# Visual Studio Version 17
VisualStudioVersion = 17.5.33516.290
MinimumVisualStudioVersion = 10.0.40219.1
Project("{FAE04EC0-301F-11D3-BF4B-00C04F79EFBC}") = "Api", "Api\Api.csproj", "{8853BCB8-CA95-4E04-9CED-DA280D470392}"
EndProject
Project("{FAE04EC0-301F-11D3-BF4B-00C04F79EFBC}") = "Core", "Core\Core.csproj", "{F0CBE6AB-F321-41DC-ADFE-89A1869CDDC5}"
EndProject
Project("{FAE04EC0-301F-11D3-BF4B-00C04F79EFBC}") = "Infrastraction", "Infrastraction\Infrastraction.csproj", "{CA54222E-806B-4B4B-B9FC-FDFDD492CA9E}"
EndProject
Global
	GlobalSection(SolutionConfigurationPlatforms) = preSolution
		Debug|Any CPU = Debug|Any CPU
		Release|Any CPU = Release|Any CPU
	EndGlobalSection
	GlobalSection(ProjectConfigurationPlatforms) = postSolution
		{8853BCB8-CA95-4E04-9CED-DA280D470392}.Debug|Any CPU.ActiveCfg = Debug|Any CPU
		{8853BCB8-CA95-4E04-9CED-DA280D470392}.Debug|Any CPU.Build.0 = Debug|Any CPU
		{8853BCB8-CA95-4E04-9CED-DA280D470392}.Release|Any CPU.ActiveCfg = Release|Any CPU
		{8853BCB8-CA95-4E04-9CED-DA280D470392}.Release|Any CPU.Build.0 = Release|Any CPU
		{F0CBE6AB-F321-41DC-ADFE-89A1869CDDC5}.Debug|Any CPU.ActiveCfg = Debug|Any CPU
		{F0CBE6AB-F321-41DC-ADFE-89A1869CDDC5}.Debug|Any CPU.Build.0 = Debug|Any CPU
		{F0CBE6AB-F321-41DC-ADFE-89A1869CDDC5}.Release|Any CPU.ActiveCfg = Release|Any CPU
		{F0CBE6AB-F321-41DC-ADFE-89A1869CDDC5}.Release|Any CPU.Build.0 = Release|Any CPU
		{CA54222E-806B-4B4B-B9FC-FDFDD492CA9E}.Debug|Any CPU.ActiveCfg = Debug|Any CPU
		{CA54222E-806B-4B4B-B9FC-FDFDD492CA9E}.Debug|Any CPU.Build.0 = Debug|Any CPU
		{CA54222E-806B-4B4B-B9FC-FDFDD492CA9E}.Release|Any CPU.ActiveCfg = Release|Any CPU
		{CA54222E-806B-4B4B-B9FC-FDFDD492CA9E}.Release|Any CPU.Build.0 = Release|Any CPU
	EndGlobalSection
	GlobalSection(SolutionProperties) = preSolution
		HideSolutionNode = FALSE
	EndGlobalSection
	GlobalSection(ExtensibilityGlobals) = postSolution
		SolutionGuid = {53BA3D5B-8EEC-49E2-B85C-257312306E5B}
	EndGlobalSection
EndGlobal
